
Microsoft Visual Studio Solution File, Format Version 12.00
Project("{FAE04EC0-301F-11D3-BF4B-00C04F79EFBC}") = "AIPlatformTest", "AIPlatformTest\AIPlatformTest.csproj", "{03580CBB-2AB9-4848-8453-C7C100E25358}"
EndProject
Global
	GlobalSection(SolutionConfigurationPlatforms) = preSolution
		Debug|Any CPU = Debug|Any CPU
		Release|Any CPU = Release|Any CPU
	EndGlobalSection
	GlobalSection(ProjectConfigurationPlatforms) = postSolution
		{03580CBB-2AB9-4848-8453-C7C100E25358}.Debug|Any CPU.ActiveCfg = Debug|Any CPU
		{03580CBB-2AB9-4848-8453-C7C100E25358}.Debug|Any CPU.Build.0 = Debug|Any CPU
		{03580CBB-2AB9-4848-8453-C7C100E25358}.Release|Any CPU.ActiveCfg = Release|Any CPU
		{03580CBB-2AB9-4848-8453-C7C100E25358}.Release|Any CPU.Build.0 = Release|Any CPU
	EndGlobalSection
EndGlobal
